
Microsoft Visual Studio Solution File, Format Version 12.00
# Visual Studio Version 16
VisualStudioVersion = 16.0.30804.86
MinimumVisualStudioVersion = 10.0.40219.1
Project("{FAE04EC0-301F-11D3-BF4B-00C04F79EFBC}") = "OracleWebAPIService-ModnaRevija", "OracleWebAPIService-ModnaRevija\OracleWebAPIService-ModnaRevija.csproj", "{D1293902-FA73-4F9A-826B-DC770C208195}"
EndProject
Project("{FAE04EC0-301F-11D3-BF4B-00C04F79EFBC}") = "DatabaseAccess", "DatabaseAccess\DatabaseAccess.csproj", "{9263B7B9-203F-44F6-BE87-D70CEEBFFC4F}"
EndProject
Global
	GlobalSection(SolutionConfigurationPlatforms) = preSolution
		Debug|Any CPU = Debug|Any CPU
		Release|Any CPU = Release|Any CPU
	EndGlobalSection
	GlobalSection(ProjectConfigurationPlatforms) = postSolution
		{D1293902-FA73-4F9A-826B-DC770C208195}.Debug|Any CPU.ActiveCfg = Debug|Any CPU
		{D1293902-FA73-4F9A-826B-DC770C208195}.Debug|Any CPU.Build.0 = Debug|Any CPU
		{D1293902-FA73-4F9A-826B-DC770C208195}.Release|Any CPU.ActiveCfg = Release|Any CPU
		{D1293902-FA73-4F9A-826B-DC770C208195}.Release|Any CPU.Build.0 = Release|Any CPU
		{9263B7B9-203F-44F6-BE87-D70CEEBFFC4F}.Debug|Any CPU.ActiveCfg = Debug|Any CPU
		{9263B7B9-203F-44F6-BE87-D70CEEBFFC4F}.Debug|Any CPU.Build.0 = Debug|Any CPU
		{9263B7B9-203F-44F6-BE87-D70CEEBFFC4F}.Release|Any CPU.ActiveCfg = Release|Any CPU
		{9263B7B9-203F-44F6-BE87-D70CEEBFFC4F}.Release|Any CPU.Build.0 = Release|Any CPU
	EndGlobalSection
	GlobalSection(SolutionProperties) = preSolution
		HideSolutionNode = FALSE
	EndGlobalSection
	GlobalSection(ExtensibilityGlobals) = postSolution
		SolutionGuid = {C2368D7E-5FB4-4028-9EC4-3C0E7EE93325}
	EndGlobalSection
EndGlobal
